// !$*UTF8*$!
{
	archiveVersion = 1;
	classes = {
	};
	objectVersion = 46;
	objects = {

/* Begin PBXBuildFile section */
		D511408D1D459D7000A81947 /* ClimbViewController.swift in Sources */ = {isa = PBXBuildFile; fileRef = D511408C1D459D7000A81947 /* ClimbViewController.swift */; };
		D522B42E1D173959009FFDED /* AppDelegate.swift in Sources */ = {isa = PBXBuildFile; fileRef = D522B42D1D173959009FFDED /* AppDelegate.swift */; };
		D522B4331D173959009FFDED /* Main.storyboard in Resources */ = {isa = PBXBuildFile; fileRef = D522B4311D173959009FFDED /* Main.storyboard */; };
		D522B4351D173959009FFDED /* Assets.xcassets in Resources */ = {isa = PBXBuildFile; fileRef = D522B4341D173959009FFDED /* Assets.xcassets */; };
		D522B4381D173959009FFDED /* LaunchScreen.storyboard in Resources */ = {isa = PBXBuildFile; fileRef = D522B4361D173959009FFDED /* LaunchScreen.storyboard */; };
		D522B4471D1AA641009FFDED /* nice_06.m4a in Resources */ = {isa = PBXBuildFile; fileRef = D522B4411D1AA641009FFDED /* nice_06.m4a */; };
		D522B4481D1AA641009FFDED /* oh_yeah.m4a in Resources */ = {isa = PBXBuildFile; fileRef = D522B4421D1AA641009FFDED /* oh_yeah.m4a */; };
		D522B44B1D1AA641009FFDED /* yeah_02.m4a in Resources */ = {isa = PBXBuildFile; fileRef = D522B4451D1AA641009FFDED /* yeah_02.m4a */; };
		D522B44F1D260F4B009FFDED /* awesome_dude.m4a in Resources */ = {isa = PBXBuildFile; fileRef = D522B44C1D260F4B009FFDED /* awesome_dude.m4a */; };
		D522B4501D260F4B009FFDED /* sick_send.m4a in Resources */ = {isa = PBXBuildFile; fileRef = D522B44D1D260F4B009FFDED /* sick_send.m4a */; };
		D522B4511D260F4B009FFDED /* sick_send_brah.m4a in Resources */ = {isa = PBXBuildFile; fileRef = D522B44E1D260F4B009FFDED /* sick_send_brah.m4a */; };
		D522B4581D261275009FFDED /* cmon_keep_pushing.m4a in Resources */ = {isa = PBXBuildFile; fileRef = D522B4521D261275009FFDED /* cmon_keep_pushing.m4a */; };
		D522B4591D261275009FFDED /* come_on.m4a in Resources */ = {isa = PBXBuildFile; fileRef = D522B4531D261275009FFDED /* come_on.m4a */; };
		D522B45A1D261275009FFDED /* keep_breathin.m4a in Resources */ = {isa = PBXBuildFile; fileRef = D522B4541D261275009FFDED /* keep_breathin.m4a */; };
		D522B45B1D261275009FFDED /* keep_that_core_tight.m4a in Resources */ = {isa = PBXBuildFile; fileRef = D522B4551D261275009FFDED /* keep_that_core_tight.m4a */; };
		D522B45C1D261275009FFDED /* nice.m4a in Resources */ = {isa = PBXBuildFile; fileRef = D522B4561D261275009FFDED /* nice.m4a */; };
		D522B45D1D261275009FFDED /* yeah_there_it_is.m4a in Resources */ = {isa = PBXBuildFile; fileRef = D522B4571D261275009FFDED /* yeah_there_it_is.m4a */; };
		D5321E6F1D57715600D69D1F /* Charts.framework in Frameworks */ = {isa = PBXBuildFile; fileRef = D5321E681D57714B00D69D1F /* Charts.framework */; };
		D5321E701D57715600D69D1F /* Charts.framework in Embed Frameworks */ = {isa = PBXBuildFile; fileRef = D5321E681D57714B00D69D1F /* Charts.framework */; settings = {ATTRIBUTES = (CodeSignOnCopy, RemoveHeadersOnCopy, ); }; };
		D594B7721D4EA8D300D86BDA /* AltitudeData.swift in Sources */ = {isa = PBXBuildFile; fileRef = D594B7711D4EA8D300D86BDA /* AltitudeData.swift */; };
		D5B13CDA1D50280A007090CF /* Realm.framework in Frameworks */ = {isa = PBXBuildFile; fileRef = D5B13CD81D50280A007090CF /* Realm.framework */; };
		D5B13CDB1D50280A007090CF /* Realm.framework in Embed Frameworks */ = {isa = PBXBuildFile; fileRef = D5B13CD81D50280A007090CF /* Realm.framework */; settings = {ATTRIBUTES = (CodeSignOnCopy, RemoveHeadersOnCopy, ); }; };
		D5B13CDC1D50280A007090CF /* RealmSwift.framework in Frameworks */ = {isa = PBXBuildFile; fileRef = D5B13CD91D50280A007090CF /* RealmSwift.framework */; };
		D5B13CDD1D50280A007090CF /* RealmSwift.framework in Embed Frameworks */ = {isa = PBXBuildFile; fileRef = D5B13CD91D50280A007090CF /* RealmSwift.framework */; settings = {ATTRIBUTES = (CodeSignOnCopy, RemoveHeadersOnCopy, ); }; };
/* End PBXBuildFile section */

/* Begin PBXContainerItemProxy section */
		D5321E671D57714B00D69D1F /* PBXContainerItemProxy */ = {
			isa = PBXContainerItemProxy;
			containerPortal = D5321E601D57714B00D69D1F /* Charts.xcodeproj */;
			proxyType = 2;
			remoteGlobalIDString = 5BA8EC401A9D14DC00CE82E1;
			remoteInfo = "Charts-iOS";
		};
		D5321E691D57714B00D69D1F /* PBXContainerItemProxy */ = {
			isa = PBXContainerItemProxy;
			containerPortal = D5321E601D57714B00D69D1F /* Charts.xcodeproj */;
			proxyType = 2;
			remoteGlobalIDString = A52C5C371BAC5CA400594CDD;
			remoteInfo = "Charts-TV";
		};
		D5321E6B1D57714B00D69D1F /* PBXContainerItemProxy */ = {
			isa = PBXContainerItemProxy;
			containerPortal = D5321E601D57714B00D69D1F /* Charts.xcodeproj */;
			proxyType = 2;
			remoteGlobalIDString = 65B3F5BF1C7370BE000983D0;
			remoteInfo = "Charts-OSX";
		};
		D5321E6D1D57714B00D69D1F /* PBXContainerItemProxy */ = {
			isa = PBXContainerItemProxy;
			containerPortal = D5321E601D57714B00D69D1F /* Charts.xcodeproj */;
			proxyType = 2;
			remoteGlobalIDString = 06AEE7A21BDC3F8B009875AE;
			remoteInfo = ChartsTests;
		};
		D5321E711D57715600D69D1F /* PBXContainerItemProxy */ = {
			isa = PBXContainerItemProxy;
			containerPortal = D5321E601D57714B00D69D1F /* Charts.xcodeproj */;
			proxyType = 1;
			remoteGlobalIDString = 5BA8EC3F1A9D14DC00CE82E1;
			remoteInfo = "Charts-iOS";
		};
/* End PBXContainerItemProxy section */

/* Begin PBXCopyFilesBuildPhase section */
		D5B13CDE1D50280A007090CF /* Embed Frameworks */ = {
			isa = PBXCopyFilesBuildPhase;
			buildActionMask = 2147483647;
			dstPath = "";
			dstSubfolderSpec = 10;
			files = (
				D5321E701D57715600D69D1F /* Charts.framework in Embed Frameworks */,
				D5B13CDD1D50280A007090CF /* RealmSwift.framework in Embed Frameworks */,
				D5B13CDB1D50280A007090CF /* Realm.framework in Embed Frameworks */,
			);
			name = "Embed Frameworks";
			runOnlyForDeploymentPostprocessing = 0;
		};
/* End PBXCopyFilesBuildPhase section */

/* Begin PBXFileReference section */
		D511408C1D459D7000A81947 /* ClimbViewController.swift */ = {isa = PBXFileReference; fileEncoding = 4; lastKnownFileType = sourcecode.swift; path = ClimbViewController.swift; sourceTree = "<group>"; };
		D522B42A1D173959009FFDED /* Beta Sprayer 5000.app */ = {isa = PBXFileReference; explicitFileType = wrapper.application; includeInIndex = 0; path = "Beta Sprayer 5000.app"; sourceTree = BUILT_PRODUCTS_DIR; };
		D522B42D1D173959009FFDED /* AppDelegate.swift */ = {isa = PBXFileReference; lastKnownFileType = sourcecode.swift; path = AppDelegate.swift; sourceTree = "<group>"; };
		D522B4321D173959009FFDED /* Base */ = {isa = PBXFileReference; lastKnownFileType = file.storyboard; name = Base; path = Base.lproj/Main.storyboard; sourceTree = "<group>"; };
		D522B4341D173959009FFDED /* Assets.xcassets */ = {isa = PBXFileReference; lastKnownFileType = folder.assetcatalog; path = Assets.xcassets; sourceTree = "<group>"; };
		D522B4371D173959009FFDED /* Base */ = {isa = PBXFileReference; lastKnownFileType = file.storyboard; name = Base; path = Base.lproj/LaunchScreen.storyboard; sourceTree = "<group>"; };
		D522B4391D173959009FFDED /* Info.plist */ = {isa = PBXFileReference; lastKnownFileType = text.plist.xml; path = Info.plist; sourceTree = "<group>"; };
		D522B4411D1AA641009FFDED /* nice_06.m4a */ = {isa = PBXFileReference; lastKnownFileType = file; path = nice_06.m4a; sourceTree = "<group>"; };
		D522B4421D1AA641009FFDED /* oh_yeah.m4a */ = {isa = PBXFileReference; lastKnownFileType = file; path = oh_yeah.m4a; sourceTree = "<group>"; };
		D522B4451D1AA641009FFDED /* yeah_02.m4a */ = {isa = PBXFileReference; lastKnownFileType = file; path = yeah_02.m4a; sourceTree = "<group>"; };
		D522B44C1D260F4B009FFDED /* awesome_dude.m4a */ = {isa = PBXFileReference; lastKnownFileType = file; path = awesome_dude.m4a; sourceTree = "<group>"; };
		D522B44D1D260F4B009FFDED /* sick_send.m4a */ = {isa = PBXFileReference; lastKnownFileType = file; path = sick_send.m4a; sourceTree = "<group>"; };
		D522B44E1D260F4B009FFDED /* sick_send_brah.m4a */ = {isa = PBXFileReference; lastKnownFileType = file; path = sick_send_brah.m4a; sourceTree = "<group>"; };
		D522B4521D261275009FFDED /* cmon_keep_pushing.m4a */ = {isa = PBXFileReference; lastKnownFileType = file; path = cmon_keep_pushing.m4a; sourceTree = "<group>"; };
		D522B4531D261275009FFDED /* come_on.m4a */ = {isa = PBXFileReference; lastKnownFileType = file; path = come_on.m4a; sourceTree = "<group>"; };
		D522B4541D261275009FFDED /* keep_breathin.m4a */ = {isa = PBXFileReference; lastKnownFileType = file; path = keep_breathin.m4a; sourceTree = "<group>"; };
		D522B4551D261275009FFDED /* keep_that_core_tight.m4a */ = {isa = PBXFileReference; lastKnownFileType = file; path = keep_that_core_tight.m4a; sourceTree = "<group>"; };
		D522B4561D261275009FFDED /* nice.m4a */ = {isa = PBXFileReference; lastKnownFileType = file; path = nice.m4a; sourceTree = "<group>"; };
		D522B4571D261275009FFDED /* yeah_there_it_is.m4a */ = {isa = PBXFileReference; lastKnownFileType = file; path = yeah_there_it_is.m4a; sourceTree = "<group>"; };
		D5321E601D57714B00D69D1F /* Charts.xcodeproj */ = {isa = PBXFileReference; lastKnownFileType = "wrapper.pb-project"; name = Charts.xcodeproj; path = "../Charts-master/Charts/Charts.xcodeproj"; sourceTree = "<group>"; };
		D594B7711D4EA8D300D86BDA /* AltitudeData.swift */ = {isa = PBXFileReference; fileEncoding = 4; lastKnownFileType = sourcecode.swift; name = AltitudeData.swift; path = "Beta Sprayer 5000/AltitudeData.swift"; sourceTree = "<group>"; };
		D5B13CD81D50280A007090CF /* Realm.framework */ = {isa = PBXFileReference; lastKnownFileType = wrapper.framework; path = Realm.framework; sourceTree = "<group>"; };
		D5B13CD91D50280A007090CF /* RealmSwift.framework */ = {isa = PBXFileReference; lastKnownFileType = wrapper.framework; path = RealmSwift.framework; sourceTree = "<group>"; };
/* End PBXFileReference section */

/* Begin PBXFrameworksBuildPhase section */
		D522B4271D173959009FFDED /* Frameworks */ = {
			isa = PBXFrameworksBuildPhase;
			buildActionMask = 2147483647;
			files = (
				D5321E6F1D57715600D69D1F /* Charts.framework in Frameworks */,
				D5B13CDC1D50280A007090CF /* RealmSwift.framework in Frameworks */,
				D5B13CDA1D50280A007090CF /* Realm.framework in Frameworks */,
			);
			runOnlyForDeploymentPostprocessing = 0;
		};
/* End PBXFrameworksBuildPhase section */

/* Begin PBXGroup section */
		975E0DD0C76265A40B3237AE /* Frameworks */ = {
			isa = PBXGroup;
			children = (
			);
			name = Frameworks;
			sourceTree = "<group>";
		};
		D522B4211D173959009FFDED = {
			isa = PBXGroup;
			children = (
				D5321E601D57714B00D69D1F /* Charts.xcodeproj */,
				D5B13CD81D50280A007090CF /* Realm.framework */,
				D5B13CD91D50280A007090CF /* RealmSwift.framework */,
				D522B42C1D173959009FFDED /* Beta Sprayer 5000 */,
				D522B42B1D173959009FFDED /* Products */,
				975E0DD0C76265A40B3237AE /* Frameworks */,
			);
			sourceTree = "<group>";
		};
		D522B42B1D173959009FFDED /* Products */ = {
			isa = PBXGroup;
			children = (
				D522B42A1D173959009FFDED /* Beta Sprayer 5000.app */,
			);
			name = Products;
			sourceTree = "<group>";
		};
		D522B42C1D173959009FFDED /* Beta Sprayer 5000 */ = {
			isa = PBXGroup;
			children = (
				D5B13CE01D502958007090CF /* DataModels */,
				D5B13CDF1D50294E007090CF /* Views */,
				D522B43F1D1AA629009FFDED /* sounds */,
				D522B42D1D173959009FFDED /* AppDelegate.swift */,
				D522B4311D173959009FFDED /* Main.storyboard */,
				D522B4341D173959009FFDED /* Assets.xcassets */,
				D522B4361D173959009FFDED /* LaunchScreen.storyboard */,
				D522B4391D173959009FFDED /* Info.plist */,
			);
			path = "Beta Sprayer 5000";
			sourceTree = "<group>";
		};
		D522B43F1D1AA629009FFDED /* sounds */ = {
			isa = PBXGroup;
			children = (
				D522B4521D261275009FFDED /* cmon_keep_pushing.m4a */,
				D522B4531D261275009FFDED /* come_on.m4a */,
				D522B4541D261275009FFDED /* keep_breathin.m4a */,
				D522B4551D261275009FFDED /* keep_that_core_tight.m4a */,
				D522B4561D261275009FFDED /* nice.m4a */,
				D522B4571D261275009FFDED /* yeah_there_it_is.m4a */,
				D522B44C1D260F4B009FFDED /* awesome_dude.m4a */,
				D522B44D1D260F4B009FFDED /* sick_send.m4a */,
				D522B44E1D260F4B009FFDED /* sick_send_brah.m4a */,
				D522B4411D1AA641009FFDED /* nice_06.m4a */,
				D522B4421D1AA641009FFDED /* oh_yeah.m4a */,
				D522B4451D1AA641009FFDED /* yeah_02.m4a */,
			);
			name = sounds;
			sourceTree = "<group>";
		};
		D5321E611D57714B00D69D1F /* Products */ = {
			isa = PBXGroup;
			children = (
				D5321E681D57714B00D69D1F /* Charts.framework */,
				D5321E6A1D57714B00D69D1F /* Charts.framework */,
				D5321E6C1D57714B00D69D1F /* Charts.framework */,
				D5321E6E1D57714B00D69D1F /* ChartsTests.xctest */,
			);
			name = Products;
			sourceTree = "<group>";
		};
		D5B13CDF1D50294E007090CF /* Views */ = {
			isa = PBXGroup;
			children = (
				D511408C1D459D7000A81947 /* ClimbViewController.swift */,
			);
			name = Views;
			sourceTree = "<group>";
		};
		D5B13CE01D502958007090CF /* DataModels */ = {
			isa = PBXGroup;
			children = (
				D594B7711D4EA8D300D86BDA /* AltitudeData.swift */,
			);
			name = DataModels;
			path = ..;
			sourceTree = "<group>";
		};
/* End PBXGroup section */

/* Begin PBXNativeTarget section */
		D522B4291D173959009FFDED /* Beta Sprayer 5000 */ = {
			isa = PBXNativeTarget;
			buildConfigurationList = D522B43C1D173959009FFDED /* Build configuration list for PBXNativeTarget "Beta Sprayer 5000" */;
			buildPhases = (
				D522B4261D173959009FFDED /* Sources */,
				D522B4271D173959009FFDED /* Frameworks */,
				D522B4281D173959009FFDED /* Resources */,
				D5B13CDE1D50280A007090CF /* Embed Frameworks */,
			);
			buildRules = (
			);
			dependencies = (
				D5321E721D57715600D69D1F /* PBXTargetDependency */,
			);
			name = "Beta Sprayer 5000";
			productName = "Beta Sprayer 5000";
			productReference = D522B42A1D173959009FFDED /* Beta Sprayer 5000.app */;
			productType = "com.apple.product-type.application";
		};
/* End PBXNativeTarget section */

/* Begin PBXProject section */
		D522B4221D173959009FFDED /* Project object */ = {
			isa = PBXProject;
			attributes = {
				LastSwiftUpdateCheck = 0730;
				LastUpgradeCheck = 0730;
				ORGANIZATIONNAME = "Franklin DeHart";
				TargetAttributes = {
					D522B4291D173959009FFDED = {
						CreatedOnToolsVersion = 7.3.1;
						DevelopmentTeam = 4EH858T3R3;
					};
				};
			};
			buildConfigurationList = D522B4251D173959009FFDED /* Build configuration list for PBXProject "Beta Sprayer 5000" */;
			compatibilityVersion = "Xcode 3.2";
			developmentRegion = English;
			hasScannedForEncodings = 0;
			knownRegions = (
				en,
				Base,
			);
			mainGroup = D522B4211D173959009FFDED;
			productRefGroup = D522B42B1D173959009FFDED /* Products */;
			projectDirPath = "";
			projectReferences = (
				{
					ProductGroup = D5321E611D57714B00D69D1F /* Products */;
					ProjectRef = D5321E601D57714B00D69D1F /* Charts.xcodeproj */;
				},
			);
			projectRoot = "";
			targets = (
				D522B4291D173959009FFDED /* Beta Sprayer 5000 */,
			);
		};
/* End PBXProject section */

/* Begin PBXReferenceProxy section */
		D5321E681D57714B00D69D1F /* Charts.framework */ = {
			isa = PBXReferenceProxy;
			fileType = wrapper.framework;
			path = Charts.framework;
			remoteRef = D5321E671D57714B00D69D1F /* PBXContainerItemProxy */;
			sourceTree = BUILT_PRODUCTS_DIR;
		};
		D5321E6A1D57714B00D69D1F /* Charts.framework */ = {
			isa = PBXReferenceProxy;
			fileType = wrapper.framework;
			path = Charts.framework;
			remoteRef = D5321E691D57714B00D69D1F /* PBXContainerItemProxy */;
			sourceTree = BUILT_PRODUCTS_DIR;
		};
		D5321E6C1D57714B00D69D1F /* Charts.framework */ = {
			isa = PBXReferenceProxy;
			fileType = wrapper.framework;
			path = Charts.framework;
			remoteRef = D5321E6B1D57714B00D69D1F /* PBXContainerItemProxy */;
			sourceTree = BUILT_PRODUCTS_DIR;
		};
		D5321E6E1D57714B00D69D1F /* ChartsTests.xctest */ = {
			isa = PBXReferenceProxy;
			fileType = wrapper.cfbundle;
			path = ChartsTests.xctest;
			remoteRef = D5321E6D1D57714B00D69D1F /* PBXContainerItemProxy */;
			sourceTree = BUILT_PRODUCTS_DIR;
		};
/* End PBXReferenceProxy section */

/* Begin PBXResourcesBuildPhase section */
		D522B4281D173959009FFDED /* Resources */ = {
			isa = PBXResourcesBuildPhase;
			buildActionMask = 2147483647;
			files = (
				D522B4581D261275009FFDED /* cmon_keep_pushing.m4a in Resources */,
				D522B4471D1AA641009FFDED /* nice_06.m4a in Resources */,
				D522B4381D173959009FFDED /* LaunchScreen.storyboard in Resources */,
				D522B4351D173959009FFDED /* Assets.xcassets in Resources */,
				D522B45B1D261275009FFDED /* keep_that_core_tight.m4a in Resources */,
				D522B45D1D261275009FFDED /* yeah_there_it_is.m4a in Resources */,
				D522B44B1D1AA641009FFDED /* yeah_02.m4a in Resources */,
				D522B45A1D261275009FFDED /* keep_breathin.m4a in Resources */,
				D522B4591D261275009FFDED /* come_on.m4a in Resources */,
				D522B4481D1AA641009FFDED /* oh_yeah.m4a in Resources */,
				D522B45C1D261275009FFDED /* nice.m4a in Resources */,
				D522B44F1D260F4B009FFDED /* awesome_dude.m4a in Resources */,
				D522B4511D260F4B009FFDED /* sick_send_brah.m4a in Resources */,
				D522B4501D260F4B009FFDED /* sick_send.m4a in Resources */,
				D522B4331D173959009FFDED /* Main.storyboard in Resources */,
			);
			runOnlyForDeploymentPostprocessing = 0;
		};
/* End PBXResourcesBuildPhase section */

/* Begin PBXSourcesBuildPhase section */
		D522B4261D173959009FFDED /* Sources */ = {
			isa = PBXSourcesBuildPhase;
			buildActionMask = 2147483647;
			files = (
				D511408D1D459D7000A81947 /* ClimbViewController.swift in Sources */,
				D522B42E1D173959009FFDED /* AppDelegate.swift in Sources */,
				D594B7721D4EA8D300D86BDA /* AltitudeData.swift in Sources */,
			);
			runOnlyForDeploymentPostprocessing = 0;
		};
/* End PBXSourcesBuildPhase section */

/* Begin PBXTargetDependency section */
		D5321E721D57715600D69D1F /* PBXTargetDependency */ = {
			isa = PBXTargetDependency;
			name = "Charts-iOS";
			targetProxy = D5321E711D57715600D69D1F /* PBXContainerItemProxy */;
		};
/* End PBXTargetDependency section */

/* Begin PBXVariantGroup section */
		D522B4311D173959009FFDED /* Main.storyboard */ = {
			isa = PBXVariantGroup;
			children = (
				D522B4321D173959009FFDED /* Base */,
			);
			name = Main.storyboard;
			sourceTree = "<group>";
		};
		D522B4361D173959009FFDED /* LaunchScreen.storyboard */ = {
			isa = PBXVariantGroup;
			children = (
				D522B4371D173959009FFDED /* Base */,
			);
			name = LaunchScreen.storyboard;
			sourceTree = "<group>";
		};
/* End PBXVariantGroup section */

/* Begin XCBuildConfiguration section */
		D522B43A1D173959009FFDED /* Debug */ = {
			isa = XCBuildConfiguration;
			buildSettings = {
				ALWAYS_SEARCH_USER_PATHS = NO;
				CLANG_ANALYZER_NONNULL = YES;
				CLANG_CXX_LANGUAGE_STANDARD = "gnu++0x";
				CLANG_CXX_LIBRARY = "libc++";
				CLANG_ENABLE_MODULES = YES;
				CLANG_ENABLE_OBJC_ARC = YES;
				CLANG_WARN_BOOL_CONVERSION = YES;
				CLANG_WARN_CONSTANT_CONVERSION = YES;
				CLANG_WARN_DIRECT_OBJC_ISA_USAGE = YES_ERROR;
				CLANG_WARN_EMPTY_BODY = YES;
				CLANG_WARN_ENUM_CONVERSION = YES;
				CLANG_WARN_INT_CONVERSION = YES;
				CLANG_WARN_OBJC_ROOT_CLASS = YES_ERROR;
				CLANG_WARN_UNREACHABLE_CODE = YES;
				CLANG_WARN__DUPLICATE_METHOD_MATCH = YES;
				"CODE_SIGN_IDENTITY[sdk=iphoneos*]" = "iPhone Developer";
				COPY_PHASE_STRIP = NO;
				DEBUG_INFORMATION_FORMAT = dwarf;
				ENABLE_STRICT_OBJC_MSGSEND = YES;
				ENABLE_TESTABILITY = YES;
				GCC_C_LANGUAGE_STANDARD = gnu99;
				GCC_DYNAMIC_NO_PIC = NO;
				GCC_NO_COMMON_BLOCKS = YES;
				GCC_OPTIMIZATION_LEVEL = 0;
				GCC_PREPROCESSOR_DEFINITIONS = (
					"DEBUG=1",
					"$(inherited)",
				);
				GCC_WARN_64_TO_32_BIT_CONVERSION = YES;
				GCC_WARN_ABOUT_RETURN_TYPE = YES_ERROR;
				GCC_WARN_UNDECLARED_SELECTOR = YES;
				GCC_WARN_UNINITIALIZED_AUTOS = YES_AGGRESSIVE;
				GCC_WARN_UNUSED_FUNCTION = YES;
				GCC_WARN_UNUSED_VARIABLE = YES;
				IPHONEOS_DEPLOYMENT_TARGET = 9.3;
				MTL_ENABLE_DEBUG_INFO = YES;
				ONLY_ACTIVE_ARCH = YES;
				SDKROOT = iphoneos;
				SWIFT_OPTIMIZATION_LEVEL = "-Onone";
			};
			name = Debug;
		};
		D522B43B1D173959009FFDED /* Release */ = {
			isa = XCBuildConfiguration;
			buildSettings = {
				ALWAYS_SEARCH_USER_PATHS = NO;
				CLANG_ANALYZER_NONNULL = YES;
				CLANG_CXX_LANGUAGE_STANDARD = "gnu++0x";
				CLANG_CXX_LIBRARY = "libc++";
				CLANG_ENABLE_MODULES = YES;
				CLANG_ENABLE_OBJC_ARC = YES;
				CLANG_WARN_BOOL_CONVERSION = YES;
				CLANG_WARN_CONSTANT_CONVERSION = YES;
				CLANG_WARN_DIRECT_OBJC_ISA_USAGE = YES_ERROR;
				CLANG_WARN_EMPTY_BODY = YES;
				CLANG_WARN_ENUM_CONVERSION = YES;
				CLANG_WARN_INT_CONVERSION = YES;
				CLANG_WARN_OBJC_ROOT_CLASS = YES_ERROR;
				CLANG_WARN_UNREACHABLE_CODE = YES;
				CLANG_WARN__DUPLICATE_METHOD_MATCH = YES;
				"CODE_SIGN_IDENTITY[sdk=iphoneos*]" = "iPhone Developer";
				COPY_PHASE_STRIP = NO;
				DEBUG_INFORMATION_FORMAT = "dwarf-with-dsym";
				ENABLE_NS_ASSERTIONS = NO;
				ENABLE_STRICT_OBJC_MSGSEND = YES;
				GCC_C_LANGUAGE_STANDARD = gnu99;
				GCC_NO_COMMON_BLOCKS = YES;
				GCC_WARN_64_TO_32_BIT_CONVERSION = YES;
				GCC_WARN_ABOUT_RETURN_TYPE = YES_ERROR;
				GCC_WARN_UNDECLARED_SELECTOR = YES;
				GCC_WARN_UNINITIALIZED_AUTOS = YES_AGGRESSIVE;
				GCC_WARN_UNUSED_FUNCTION = YES;
				GCC_WARN_UNUSED_VARIABLE = YES;
				IPHONEOS_DEPLOYMENT_TARGET = 9.3;
				MTL_ENABLE_DEBUG_INFO = NO;
				SDKROOT = iphoneos;
				VALIDATE_PRODUCT = YES;
			};
			name = Release;
		};
		D522B43D1D173959009FFDED /* Debug */ = {
			isa = XCBuildConfiguration;
			buildSettings = {
				ASSETCATALOG_COMPILER_APPICON_NAME = AppIcon;
				CODE_SIGN_IDENTITY = "iPhone Developer";
				"CODE_SIGN_IDENTITY[sdk=iphoneos*]" = "iPhone Developer";
				EMBEDDED_CONTENT_CONTAINS_SWIFT = YES;
				FRAMEWORK_SEARCH_PATHS = (
					"$(inherited)",
					"$(PROJECT_DIR)",
				);
				INFOPLIST_FILE = "Beta Sprayer 5000/Info.plist";
				IPHONEOS_DEPLOYMENT_TARGET = 9.3;
				LD_RUNPATH_SEARCH_PATHS = "$(inherited) @executable_path/Frameworks";
				New_Setting = "";
				PRODUCT_BUNDLE_IDENTIFIER = "com.fdehart.Beta-Sprayer-5000";
				PRODUCT_NAME = "$(TARGET_NAME)";
				PROVISIONING_PROFILE = "";
			};
			name = Debug;
		};
		D522B43E1D173959009FFDED /* Release */ = {
			isa = XCBuildConfiguration;
			buildSettings = {
				ASSETCATALOG_COMPILER_APPICON_NAME = AppIcon;
				CODE_SIGN_IDENTITY = "iPhone Developer";
				"CODE_SIGN_IDENTITY[sdk=iphoneos*]" = "iPhone Developer";
				EMBEDDED_CONTENT_CONTAINS_SWIFT = YES;
				FRAMEWORK_SEARCH_PATHS = (
					"$(inherited)",
					"$(PROJECT_DIR)",
				);
				INFOPLIST_FILE = "Beta Sprayer 5000/Info.plist";
				IPHONEOS_DEPLOYMENT_TARGET = 9.3;
				LD_RUNPATH_SEARCH_PATHS = "$(inherited) @executable_path/Frameworks";
				New_Setting = "";
				PRODUCT_BUNDLE_IDENTIFIER = "com.fdehart.Beta-Sprayer-5000";
				PRODUCT_NAME = "$(TARGET_NAME)";
				PROVISIONING_PROFILE = "";
			};
			name = Release;
		};
/* End XCBuildConfiguration section */

/* Begin XCConfigurationList section */
		D522B4251D173959009FFDED /* Build configuration list for PBXProject "Beta Sprayer 5000" */ = {
			isa = XCConfigurationList;
			buildConfigurations = (
				D522B43A1D173959009FFDED /* Debug */,
				D522B43B1D173959009FFDED /* Release */,
			);
			defaultConfigurationIsVisible = 0;
			defaultConfigurationName = Release;
		};
		D522B43C1D173959009FFDED /* Build configuration list for PBXNativeTarget "Beta Sprayer 5000" */ = {
			isa = XCConfigurationList;
			buildConfigurations = (
				D522B43D1D173959009FFDED /* Debug */,
				D522B43E1D173959009FFDED /* Release */,
			);
			defaultConfigurationIsVisible = 0;
			defaultConfigurationName = Release;
		};
/* End XCConfigurationList section */
	};
	rootObject = D522B4221D173959009FFDED /* Project object */;
}
